
Microsoft Visual Studio Solution File, Format Version 12.00
# Visual Studio Version 17
VisualStudioVersion = 17.10.35122.118
MinimumVisualStudioVersion = 10.0.40219.1
Project("{9A19103F-16F7-4668-BE54-9A1E7A4F7556}") = "ProductService", "ProductService\ProductService.csproj", "{A470B6EB-31E7-4705-B3DC-0A30D90F58F0}"
EndProject
Project("{9A19103F-16F7-4668-BE54-9A1E7A4F7556}") = "OrderService", "OrderService\OrderService.csproj", "{05828081-7B18-40D2-A981-1FC8A6F07CAA}"
EndProject
Global
	GlobalSection(SolutionConfigurationPlatforms) = preSolution
		Debug|Any CPU = Debug|Any CPU
		Release|Any CPU = Release|Any CPU
	EndGlobalSection
	GlobalSection(ProjectConfigurationPlatforms) = postSolution
		{A470B6EB-31E7-4705-B3DC-0A30D90F58F0}.Debug|Any CPU.ActiveCfg = Debug|Any CPU
		{A470B6EB-31E7-4705-B3DC-0A30D90F58F0}.Debug|Any CPU.Build.0 = Debug|Any CPU
		{A470B6EB-31E7-4705-B3DC-0A30D90F58F0}.Release|Any CPU.ActiveCfg = Release|Any CPU
		{A470B6EB-31E7-4705-B3DC-0A30D90F58F0}.Release|Any CPU.Build.0 = Release|Any CPU
		{05828081-7B18-40D2-A981-1FC8A6F07CAA}.Debug|Any CPU.ActiveCfg = Debug|Any CPU
		{05828081-7B18-40D2-A981-1FC8A6F07CAA}.Debug|Any CPU.Build.0 = Debug|Any CPU
		{05828081-7B18-40D2-A981-1FC8A6F07CAA}.Release|Any CPU.ActiveCfg = Release|Any CPU
		{05828081-7B18-40D2-A981-1FC8A6F07CAA}.Release|Any CPU.Build.0 = Release|Any CPU
	EndGlobalSection
	GlobalSection(SolutionProperties) = preSolution
		HideSolutionNode = FALSE
	EndGlobalSection
	GlobalSection(ExtensibilityGlobals) = postSolution
		SolutionGuid = {60090979-159C-4602-8457-808AA29FE916}
	EndGlobalSection
EndGlobal
